// !$*UTF8*$!
{
	archiveVersion = 1;
	classes = {
	};
	objectVersion = 46;
	objects = {

/* Begin PBXBuildFile section */
		8B51E3F71E1B44D400AF9B6E /* AppDelegate.swift in Sources */ = {isa = PBXBuildFile; fileRef = 8B51E3F61E1B44D400AF9B6E /* AppDelegate.swift */; };
		8B51E3FF1E1B44D400AF9B6E /* GameViewController.swift in Sources */ = {isa = PBXBuildFile; fileRef = 8B51E3FE1E1B44D400AF9B6E /* GameViewController.swift */; };
		8B51E4021E1B44D400AF9B6E /* Main.storyboard in Resources */ = {isa = PBXBuildFile; fileRef = 8B51E4001E1B44D400AF9B6E /* Main.storyboard */; };
		8B51E4041E1B44D400AF9B6E /* Assets.xcassets in Resources */ = {isa = PBXBuildFile; fileRef = 8B51E4031E1B44D400AF9B6E /* Assets.xcassets */; };
		8B51E4071E1B44D400AF9B6E /* LaunchScreen.storyboard in Resources */ = {isa = PBXBuildFile; fileRef = 8B51E4051E1B44D400AF9B6E /* LaunchScreen.storyboard */; };
		8B51E40F1E1B46AD00AF9B6E /* mainScene.swift in Sources */ = {isa = PBXBuildFile; fileRef = 8B51E40E1E1B46AD00AF9B6E /* mainScene.swift */; };
		8B51E4111E1B7A5A00AF9B6E /* cubicCreate.swift in Sources */ = {isa = PBXBuildFile; fileRef = 8B51E4101E1B7A5A00AF9B6E /* cubicCreate.swift */; };
		94DE03E3B27204141256049D /* Pods_Block_Wars.framework in Frameworks */ = {isa = PBXBuildFile; fileRef = FFDB88E98BAAE07744ECF759 /* Pods_Block_Wars.framework */; };
/* End PBXBuildFile section */

/* Begin PBXFileReference section */
		4D8F0D611637CBE470C611F9 /* Pods-Block Wars.debug.xcconfig */ = {isa = PBXFileReference; includeInIndex = 1; lastKnownFileType = text.xcconfig; name = "Pods-Block Wars.debug.xcconfig"; path = "Pods/Target Support Files/Pods-Block Wars/Pods-Block Wars.debug.xcconfig"; sourceTree = "<group>"; };
		8B51E3F31E1B44D400AF9B6E /* Block Wars.app */ = {isa = PBXFileReference; explicitFileType = wrapper.application; includeInIndex = 0; path = "Block Wars.app"; sourceTree = BUILT_PRODUCTS_DIR; };
		8B51E3F61E1B44D400AF9B6E /* AppDelegate.swift */ = {isa = PBXFileReference; lastKnownFileType = sourcecode.swift; path = AppDelegate.swift; sourceTree = "<group>"; };
		8B51E3FE1E1B44D400AF9B6E /* GameViewController.swift */ = {isa = PBXFileReference; lastKnownFileType = sourcecode.swift; path = GameViewController.swift; sourceTree = "<group>"; };
		8B51E4011E1B44D400AF9B6E /* Base */ = {isa = PBXFileReference; lastKnownFileType = file.storyboard; name = Base; path = Base.lproj/Main.storyboard; sourceTree = "<group>"; };
		8B51E4031E1B44D400AF9B6E /* Assets.xcassets */ = {isa = PBXFileReference; lastKnownFileType = folder.assetcatalog; path = Assets.xcassets; sourceTree = "<group>"; };
		8B51E4061E1B44D400AF9B6E /* Base */ = {isa = PBXFileReference; lastKnownFileType = file.storyboard; name = Base; path = Base.lproj/LaunchScreen.storyboard; sourceTree = "<group>"; };
		8B51E4081E1B44D400AF9B6E /* Info.plist */ = {isa = PBXFileReference; lastKnownFileType = text.plist.xml; path = Info.plist; sourceTree = "<group>"; };
		8B51E40E1E1B46AD00AF9B6E /* mainScene.swift */ = {isa = PBXFileReference; fileEncoding = 4; lastKnownFileType = sourcecode.swift; path = mainScene.swift; sourceTree = "<group>"; };
		8B51E4101E1B7A5A00AF9B6E /* cubicCreate.swift */ = {isa = PBXFileReference; fileEncoding = 4; lastKnownFileType = sourcecode.swift; path = cubicCreate.swift; sourceTree = "<group>"; };
		F0BC89B16BCB133A301793BE /* Pods-Block Wars.release.xcconfig */ = {isa = PBXFileReference; includeInIndex = 1; lastKnownFileType = text.xcconfig; name = "Pods-Block Wars.release.xcconfig"; path = "Pods/Target Support Files/Pods-Block Wars/Pods-Block Wars.release.xcconfig"; sourceTree = "<group>"; };
		FFDB88E98BAAE07744ECF759 /* Pods_Block_Wars.framework */ = {isa = PBXFileReference; explicitFileType = wrapper.framework; includeInIndex = 0; path = Pods_Block_Wars.framework; sourceTree = BUILT_PRODUCTS_DIR; };
/* End PBXFileReference section */

/* Begin PBXFrameworksBuildPhase section */
		8B51E3F01E1B44D400AF9B6E /* Frameworks */ = {
			isa = PBXFrameworksBuildPhase;
			buildActionMask = 2147483647;
			files = (
				94DE03E3B27204141256049D /* Pods_Block_Wars.framework in Frameworks */,
			);
			runOnlyForDeploymentPostprocessing = 0;
		};
/* End PBXFrameworksBuildPhase section */

/* Begin PBXGroup section */
		5F82CFFEDA4285FE0DBB0BFD /* Frameworks */ = {
			isa = PBXGroup;
			children = (
				FFDB88E98BAAE07744ECF759 /* Pods_Block_Wars.framework */,
			);
			name = Frameworks;
			sourceTree = "<group>";
		};
		8B51E3EA1E1B44D400AF9B6E = {
			isa = PBXGroup;
			children = (
				8B51E3F51E1B44D400AF9B6E /* Block Wars */,
				8B51E3F41E1B44D400AF9B6E /* Products */,
				8B5CBA1F8F406080332B76CE /* Pods */,
				5F82CFFEDA4285FE0DBB0BFD /* Frameworks */,
			);
			sourceTree = "<group>";
		};
		8B51E3F41E1B44D400AF9B6E /* Products */ = {
			isa = PBXGroup;
			children = (
				8B51E3F31E1B44D400AF9B6E /* Block Wars.app */,
			);
			name = Products;
			sourceTree = "<group>";
		};
		8B51E3F51E1B44D400AF9B6E /* Block Wars */ = {
			isa = PBXGroup;
			children = (
				8B51E3F61E1B44D400AF9B6E /* AppDelegate.swift */,
				8B51E3FE1E1B44D400AF9B6E /* GameViewController.swift */,
				8B51E40E1E1B46AD00AF9B6E /* mainScene.swift */,
				8B51E4101E1B7A5A00AF9B6E /* cubicCreate.swift */,
				8B51E4001E1B44D400AF9B6E /* Main.storyboard */,
				8B51E4031E1B44D400AF9B6E /* Assets.xcassets */,
				8B51E4051E1B44D400AF9B6E /* LaunchScreen.storyboard */,
				8B51E4081E1B44D400AF9B6E /* Info.plist */,
			);
			path = "Block Wars";
			sourceTree = "<group>";
		};
		8B5CBA1F8F406080332B76CE /* Pods */ = {
			isa = PBXGroup;
			children = (
				4D8F0D611637CBE470C611F9 /* Pods-Block Wars.debug.xcconfig */,
				F0BC89B16BCB133A301793BE /* Pods-Block Wars.release.xcconfig */,
			);
			name = Pods;
			sourceTree = "<group>";
		};
/* End PBXGroup section */

/* Begin PBXNativeTarget section */
		8B51E3F21E1B44D400AF9B6E /* Block Wars */ = {
			isa = PBXNativeTarget;
			buildConfigurationList = 8B51E40B1E1B44D400AF9B6E /* Build configuration list for PBXNativeTarget "Block Wars" */;
			buildPhases = (
				CA83920EC1ADBCA3DDCE67D7 /* [CP] Check Pods Manifest.lock */,
				8B51E3EF1E1B44D400AF9B6E /* Sources */,
				8B51E3F01E1B44D400AF9B6E /* Frameworks */,
				8B51E3F11E1B44D400AF9B6E /* Resources */,
				589935FD6D796757844012AA /* [CP] Embed Pods Frameworks */,
				7F6AA2262DF91365FAF76F51 /* [CP] Copy Pods Resources */,
			);
			buildRules = (
			);
			dependencies = (
			);
			name = "Block Wars";
			productName = "Block Wars";
			productReference = 8B51E3F31E1B44D400AF9B6E /* Block Wars.app */;
			productType = "com.apple.product-type.application";
		};
/* End PBXNativeTarget section */

/* Begin PBXProject section */
		8B51E3EB1E1B44D400AF9B6E /* Project object */ = {
			isa = PBXProject;
			attributes = {
				LastSwiftUpdateCheck = 0820;
				LastUpgradeCheck = 0820;
				ORGANIZATIONNAME = "紫贝壳";
				TargetAttributes = {
					8B51E3F21E1B44D400AF9B6E = {
						CreatedOnToolsVersion = 8.2.1;
						DevelopmentTeam = 3LVRZF468V;
						ProvisioningStyle = Automatic;
					};
				};
			};
			buildConfigurationList = 8B51E3EE1E1B44D400AF9B6E /* Build configuration list for PBXProject "Block Wars" */;
			compatibilityVersion = "Xcode 3.2";
			developmentRegion = English;
			hasScannedForEncodings = 0;
			knownRegions = (
				en,
				Base,
			);
			mainGroup = 8B51E3EA1E1B44D400AF9B6E;
			productRefGroup = 8B51E3F41E1B44D400AF9B6E /* Products */;
			projectDirPath = "";
			projectRoot = "";
			targets = (
				8B51E3F21E1B44D400AF9B6E /* Block Wars */,
			);
		};
/* End PBXProject section */

/* Begin PBXResourcesBuildPhase section */
		8B51E3F11E1B44D400AF9B6E /* Resources */ = {
			isa = PBXResourcesBuildPhase;
			buildActionMask = 2147483647;
			files = (
				8B51E4021E1B44D400AF9B6E /* Main.storyboard in Resources */,
				8B51E4041E1B44D400AF9B6E /* Assets.xcassets in Resources */,
				8B51E4071E1B44D400AF9B6E /* LaunchScreen.storyboard in Resources */,
			);
			runOnlyForDeploymentPostprocessing = 0;
		};
/* End PBXResourcesBuildPhase section */

/* Begin PBXShellScriptBuildPhase section */
		589935FD6D796757844012AA /* [CP] Embed Pods Frameworks */ = {
			isa = PBXShellScriptBuildPhase;
			buildActionMask = 2147483647;
			files = (
			);
			inputPaths = (
			);
			name = "[CP] Embed Pods Frameworks";
			outputPaths = (
			);
			runOnlyForDeploymentPostprocessing = 0;
			shellPath = /bin/sh;
			shellScript = "\"${SRCROOT}/Pods/Target Support Files/Pods-Block Wars/Pods-Block Wars-frameworks.sh\"\n";
			showEnvVarsInLog = 0;
		};
		7F6AA2262DF91365FAF76F51 /* [CP] Copy Pods Resources */ = {
			isa = PBXShellScriptBuildPhase;
			buildActionMask = 2147483647;
			files = (
			);
			inputPaths = (
			);
			name = "[CP] Copy Pods Resources";
			outputPaths = (
			);
			runOnlyForDeploymentPostprocessing = 0;
			shellPath = /bin/sh;
			shellScript = "\"${SRCROOT}/Pods/Target Support Files/Pods-Block Wars/Pods-Block Wars-resources.sh\"\n";
			showEnvVarsInLog = 0;
		};
		CA83920EC1ADBCA3DDCE67D7 /* [CP] Check Pods Manifest.lock */ = {
			isa = PBXShellScriptBuildPhase;
			buildActionMask = 2147483647;
			files = (
			);
			inputPaths = (
			);
			name = "[CP] Check Pods Manifest.lock";
			outputPaths = (
			);
			runOnlyForDeploymentPostprocessing = 0;
			shellPath = /bin/sh;
			shellScript = "diff \"${PODS_ROOT}/../Podfile.lock\" \"${PODS_ROOT}/Manifest.lock\" > /dev/null\nif [ $? != 0 ] ; then\n    # print error to STDERR\n    echo \"error: The sandbox is not in sync with the Podfile.lock. Run 'pod install' or update your CocoaPods installation.\" >&2\n    exit 1\nfi\n";
			showEnvVarsInLog = 0;
		};
/* End PBXShellScriptBuildPhase section */

/* Begin PBXSourcesBuildPhase section */
		8B51E3EF1E1B44D400AF9B6E /* Sources */ = {
			isa = PBXSourcesBuildPhase;
			buildActionMask = 2147483647;
			files = (
				8B51E4111E1B7A5A00AF9B6E /* cubicCreate.swift in Sources */,
				8B51E40F1E1B46AD00AF9B6E /* mainScene.swift in Sources */,
				8B51E3FF1E1B44D400AF9B6E /* GameViewController.swift in Sources */,
				8B51E3F71E1B44D400AF9B6E /* AppDelegate.swift in Sources */,
			);
			runOnlyForDeploymentPostprocessing = 0;
		};
/* End PBXSourcesBuildPhase section */

/* Begin PBXVariantGroup section */
		8B51E4001E1B44D400AF9B6E /* Main.storyboard */ = {
			isa = PBXVariantGroup;
			children = (
				8B51E4011E1B44D400AF9B6E /* Base */,
			);
			name = Main.storyboard;
			sourceTree = "<group>";
		};
		8B51E4051E1B44D400AF9B6E /* LaunchScreen.storyboard */ = {
			isa = PBXVariantGroup;
			children = (
				8B51E4061E1B44D400AF9B6E /* Base */,
			);
			name = LaunchScreen.storyboard;
			sourceTree = "<group>";
		};
/* End PBXVariantGroup section */

/* Begin XCBuildConfiguration section */
		8B51E4091E1B44D400AF9B6E /* Debug */ = {
			isa = XCBuildConfiguration;
			buildSettings = {
				ALWAYS_SEARCH_USER_PATHS = NO;
				CLANG_ANALYZER_NONNULL = YES;
				CLANG_CXX_LANGUAGE_STANDARD = "gnu++0x";
				CLANG_CXX_LIBRARY = "libc++";
				CLANG_ENABLE_MODULES = YES;
				CLANG_ENABLE_OBJC_ARC = YES;
				CLANG_WARN_BOOL_CONVERSION = YES;
				CLANG_WARN_CONSTANT_CONVERSION = YES;
				CLANG_WARN_DIRECT_OBJC_ISA_USAGE = YES_ERROR;
				CLANG_WARN_DOCUMENTATION_COMMENTS = YES;
				CLANG_WARN_EMPTY_BODY = YES;
				CLANG_WARN_ENUM_CONVERSION = YES;
				CLANG_WARN_INFINITE_RECURSION = YES;
				CLANG_WARN_INT_CONVERSION = YES;
				CLANG_WARN_OBJC_ROOT_CLASS = YES_ERROR;
				CLANG_WARN_SUSPICIOUS_MOVE = YES;
				CLANG_WARN_UNREACHABLE_CODE = YES;
				CLANG_WARN__DUPLICATE_METHOD_MATCH = YES;
				"CODE_SIGN_IDENTITY[sdk=iphoneos*]" = "iPhone Developer";
				COPY_PHASE_STRIP = NO;
				DEBUG_INFORMATION_FORMAT = dwarf;
				ENABLE_STRICT_OBJC_MSGSEND = YES;
				ENABLE_TESTABILITY = YES;
				GCC_C_LANGUAGE_STANDARD = gnu99;
				GCC_DYNAMIC_NO_PIC = NO;
				GCC_NO_COMMON_BLOCKS = YES;
				GCC_OPTIMIZATION_LEVEL = 0;
				GCC_PREPROCESSOR_DEFINITIONS = (
					"DEBUG=1",
					"$(inherited)",
				);
				GCC_WARN_64_TO_32_BIT_CONVERSION = YES;
				GCC_WARN_ABOUT_RETURN_TYPE = YES_ERROR;
				GCC_WARN_UNDECLARED_SELECTOR = YES;
				GCC_WARN_UNINITIALIZED_AUTOS = YES_AGGRESSIVE;
				GCC_WARN_UNUSED_FUNCTION = YES;
				GCC_WARN_UNUSED_VARIABLE = YES;
				IPHONEOS_DEPLOYMENT_TARGET = 10.2;
				MTL_ENABLE_DEBUG_INFO = YES;
				ONLY_ACTIVE_ARCH = YES;
				SDKROOT = iphoneos;
				SWIFT_ACTIVE_COMPILATION_CONDITIONS = DEBUG;
				SWIFT_OPTIMIZATION_LEVEL = "-Onone";
			};
			name = Debug;
		};
		8B51E40A1E1B44D400AF9B6E /* Release */ = {
			isa = XCBuildConfiguration;
			buildSettings = {
				ALWAYS_SEARCH_USER_PATHS = NO;
				CLANG_ANALYZER_NONNULL = YES;
				CLANG_CXX_LANGUAGE_STANDARD = "gnu++0x";
				CLANG_CXX_LIBRARY = "libc++";
				CLANG_ENABLE_MODULES = YES;
				CLANG_ENABLE_OBJC_ARC = YES;
				CLANG_WARN_BOOL_CONVERSION = YES;
				CLANG_WARN_CONSTANT_CONVERSION = YES;
				CLANG_WARN_DIRECT_OBJC_ISA_USAGE = YES_ERROR;
				CLANG_WARN_DOCUMENTATION_COMMENTS = YES;
				CLANG_WARN_EMPTY_BODY = YES;
				CLANG_WARN_ENUM_CONVERSION = YES;
				CLANG_WARN_INFINITE_RECURSION = YES;
				CLANG_WARN_INT_CONVERSION = YES;
				CLANG_WARN_OBJC_ROOT_CLASS = YES_ERROR;
				CLANG_WARN_SUSPICIOUS_MOVE = YES;
				CLANG_WARN_UNREACHABLE_CODE = YES;
				CLANG_WARN__DUPLICATE_METHOD_MATCH = YES;
				"CODE_SIGN_IDENTITY[sdk=iphoneos*]" = "iPhone Developer";
				COPY_PHASE_STRIP = NO;
				DEBUG_INFORMATION_FORMAT = "dwarf-with-dsym";
				ENABLE_NS_ASSERTIONS = NO;
				ENABLE_STRICT_OBJC_MSGSEND = YES;
				GCC_C_LANGUAGE_STANDARD = gnu99;
				GCC_NO_COMMON_BLOCKS = YES;
				GCC_WARN_64_TO_32_BIT_CONVERSION = YES;
				GCC_WARN_ABOUT_RETURN_TYPE = YES_ERROR;
				GCC_WARN_UNDECLARED_SELECTOR = YES;
				GCC_WARN_UNINITIALIZED_AUTOS = YES_AGGRESSIVE;
				GCC_WARN_UNUSED_FUNCTION = YES;
				GCC_WARN_UNUSED_VARIABLE = YES;
				IPHONEOS_DEPLOYMENT_TARGET = 10.2;
				MTL_ENABLE_DEBUG_INFO = NO;
				SDKROOT = iphoneos;
				SWIFT_OPTIMIZATION_LEVEL = "-Owholemodule";
				VALIDATE_PRODUCT = YES;
			};
			name = Release;
		};
		8B51E40C1E1B44D400AF9B6E /* Debug */ = {
			isa = XCBuildConfiguration;
			baseConfigurationReference = 4D8F0D611637CBE470C611F9 /* Pods-Block Wars.debug.xcconfig */;
			buildSettings = {
				ASSETCATALOG_COMPILER_APPICON_NAME = AppIcon;
				DEVELOPMENT_TEAM = 3LVRZF468V;
				INFOPLIST_FILE = "Block Wars/Info.plist";
				IPHONEOS_DEPLOYMENT_TARGET = 9.0;
				LD_RUNPATH_SEARCH_PATHS = "$(inherited) @executable_path/Frameworks";
				PRODUCT_BUNDLE_IDENTIFIER = "com.zbk.Block-Wars";
				PRODUCT_NAME = "$(TARGET_NAME)";
				SWIFT_VERSION = 3.0;
			};
			name = Debug;
		};
		8B51E40D1E1B44D400AF9B6E /* Release */ = {
			isa = XCBuildConfiguration;
			baseConfigurationReference = F0BC89B16BCB133A301793BE /* Pods-Block Wars.release.xcconfig */;
			buildSettings = {
				ASSETCATALOG_COMPILER_APPICON_NAME = AppIcon;
				DEVELOPMENT_TEAM = 3LVRZF468V;
				INFOPLIST_FILE = "Block Wars/Info.plist";
				IPHONEOS_DEPLOYMENT_TARGET = 9.0;
				LD_RUNPATH_SEARCH_PATHS = "$(inherited) @executable_path/Frameworks";
				PRODUCT_BUNDLE_IDENTIFIER = "com.zbk.Block-Wars";
				PRODUCT_NAME = "$(TARGET_NAME)";
				SWIFT_VERSION = 3.0;
			};
			name = Release;
		};
/* End XCBuildConfiguration section */

/* Begin XCConfigurationList section */
		8B51E3EE1E1B44D400AF9B6E /* Build configuration list for PBXProject "Block Wars" */ = {
			isa = XCConfigurationList;
			buildConfigurations = (
				8B51E4091E1B44D400AF9B6E /* Debug */,
				8B51E40A1E1B44D400AF9B6E /* Release */,
			);
			defaultConfigurationIsVisible = 0;
			defaultConfigurationName = Release;
		};
		8B51E40B1E1B44D400AF9B6E /* Build configuration list for PBXNativeTarget "Block Wars" */ = {
			isa = XCConfigurationList;
			buildConfigurations = (
				8B51E40C1E1B44D400AF9B6E /* Debug */,
				8B51E40D1E1B44D400AF9B6E /* Release */,
			);
			defaultConfigurationIsVisible = 0;
			defaultConfigurationName = Release;
		};
/* End XCConfigurationList section */
	};
	rootObject = 8B51E3EB1E1B44D400AF9B6E /* Project object */;
}
